// !$*UTF8*$!
{
	archiveVersion = 1;
	classes = {
	};
	objectVersion = 50;
	objects = {

/* Begin PBXBuildFile section */
		1202E527226F99BE006664BE /* AppDelegate.swift in Sources */ = {isa = PBXBuildFile; fileRef = 1202E526226F99BE006664BE /* AppDelegate.swift */; };
		1202E52E226F99BF006664BE /* Assets.xcassets in Resources */ = {isa = PBXBuildFile; fileRef = 1202E52D226F99BF006664BE /* Assets.xcassets */; };
		1202E531226F99BF006664BE /* LaunchScreen.storyboard in Resources */ = {isa = PBXBuildFile; fileRef = 1202E52F226F99BF006664BE /* LaunchScreen.storyboard */; };
		1202E53F226FAFC9006664BE /* AppCoordinator.swift in Sources */ = {isa = PBXBuildFile; fileRef = 1202E53E226FAFC9006664BE /* AppCoordinator.swift */; };
		1202E541226FAFF2006664BE /* Coordinator.swift in Sources */ = {isa = PBXBuildFile; fileRef = 1202E540226FAFF2006664BE /* Coordinator.swift */; };
		1202E543226FB080006664BE /* SimulatorViewController.swift in Sources */ = {isa = PBXBuildFile; fileRef = 1202E542226FB080006664BE /* SimulatorViewController.swift */; };
		1202E545226FB094006664BE /* SimulatorResultViewController.swift in Sources */ = {isa = PBXBuildFile; fileRef = 1202E544226FB094006664BE /* SimulatorResultViewController.swift */; };
		1202E54A226FB696006664BE /* SimulatorViewScreen.swift in Sources */ = {isa = PBXBuildFile; fileRef = 1202E549226FB696006664BE /* SimulatorViewScreen.swift */; };
		1202E54C226FB709006664BE /* SimulatorResultViewScreen.swift in Sources */ = {isa = PBXBuildFile; fileRef = 1202E54B226FB709006664BE /* SimulatorResultViewScreen.swift */; };
		1202E550226FB7B5006664BE /* Alamofire.framework in Frameworks */ = {isa = PBXBuildFile; fileRef = 1202E54E226FB7B5006664BE /* Alamofire.framework */; };
		1202E551226FB7B5006664BE /* SnapKit.framework in Frameworks */ = {isa = PBXBuildFile; fileRef = 1202E54F226FB7B5006664BE /* SnapKit.framework */; };
		1202E555226FB815006664BE /* ViewCoding.swift in Sources */ = {isa = PBXBuildFile; fileRef = 1202E554226FB815006664BE /* ViewCoding.swift */; };
		1202E558226FBC5A006664BE /* SimulatorInputView.swift in Sources */ = {isa = PBXBuildFile; fileRef = 1202E557226FBC5A006664BE /* SimulatorInputView.swift */; };
		1202E55A226FC08F006664BE /* SimulatorCoordinator.swift in Sources */ = {isa = PBXBuildFile; fileRef = 1202E559226FC08F006664BE /* SimulatorCoordinator.swift */; };
		1202E55D226FDB4A006664BE /* PrettyButton.swift in Sources */ = {isa = PBXBuildFile; fileRef = 1202E55C226FDB4A006664BE /* PrettyButton.swift */; };
		1202E561226FEFF3006664BE /* KeyboardListener.swift in Sources */ = {isa = PBXBuildFile; fileRef = 1202E560226FEFF3006664BE /* KeyboardListener.swift */; };
		1202E564226FF098006664BE /* Notification+keyboard.swift in Sources */ = {isa = PBXBuildFile; fileRef = 1202E563226FF098006664BE /* Notification+keyboard.swift */; };
		120755ED2274BF9F0087970C /* BaseURL.swift in Sources */ = {isa = PBXBuildFile; fileRef = 120755EC2274BF9F0087970C /* BaseURL.swift */; };
		121249DA22752ACF0066807B /* SimulatorOthersInfoCell.swift in Sources */ = {isa = PBXBuildFile; fileRef = 121249D922752ACF0066807B /* SimulatorOthersInfoCell.swift */; };
		121A8C802274E7840002BFF3 /* SimulationResponse.swift in Sources */ = {isa = PBXBuildFile; fileRef = 121A8C7F2274E7840002BFF3 /* SimulationResponse.swift */; };
		121A8C822274E81A0002BFF3 /* APIRoute.swift in Sources */ = {isa = PBXBuildFile; fileRef = 121A8C812274E81A0002BFF3 /* APIRoute.swift */; };
		121A8C8622751E860002BFF3 /* SimulatorMainInfoCell.swift in Sources */ = {isa = PBXBuildFile; fileRef = 121A8C8522751E860002BFF3 /* SimulatorMainInfoCell.swift */; };
		922A8EE62270EBE60074F248 /* KeyboardListenerDelegate.swift in Sources */ = {isa = PBXBuildFile; fileRef = 922A8EE52270EBE60074F248 /* KeyboardListenerDelegate.swift */; };
		922A8EE82270EC0E0074F248 /* SimulatorViewControllerDelegate.swift in Sources */ = {isa = PBXBuildFile; fileRef = 922A8EE72270EC0E0074F248 /* SimulatorViewControllerDelegate.swift */; };
		928248F022736DE500134BCB /* FBSnapshotTestCase.framework in Frameworks */ = {isa = PBXBuildFile; fileRef = 92F5859C22736BCA0014477B /* FBSnapshotTestCase.framework */; };
		928248F122736DE500134BCB /* Nimble_Snapshots.framework in Frameworks */ = {isa = PBXBuildFile; fileRef = 92F5859D22736BCA0014477B /* Nimble_Snapshots.framework */; };
		928248F222736DE500134BCB /* Nimble.framework in Frameworks */ = {isa = PBXBuildFile; fileRef = 92F5859E22736BCA0014477B /* Nimble.framework */; };
		928248F322736DE500134BCB /* Quick.framework in Frameworks */ = {isa = PBXBuildFile; fileRef = 92F5859B22736BCA0014477B /* Quick.framework */; };
		928248F5227376FA00134BCB /* SimulatorItemViewSpec.swift in Sources */ = {isa = PBXBuildFile; fileRef = 928248F4227376FA00134BCB /* SimulatorItemViewSpec.swift */; };
		928248F92273B17600134BCB /* Result.swift in Sources */ = {isa = PBXBuildFile; fileRef = 928248F82273B17600134BCB /* Result.swift */; };
		928249072273B71500134BCB /* SimulateService.swift in Sources */ = {isa = PBXBuildFile; fileRef = 928249062273B71500134BCB /* SimulateService.swift */; };
		92F585752270EE2C0014477B /* SimulatorInputType.swift in Sources */ = {isa = PBXBuildFile; fileRef = 92F585742270EE2C0014477B /* SimulatorInputType.swift */; };
		92F585772270F0780014477B /* Simulation.swift in Sources */ = {isa = PBXBuildFile; fileRef = 92F585762270F0780014477B /* Simulation.swift */; };
		92F585812270FF6B0014477B /* SimulatorResultViewModel.swift in Sources */ = {isa = PBXBuildFile; fileRef = 92F585802270FF6B0014477B /* SimulatorResultViewModel.swift */; };
		92F585832270FFD70014477B /* SimulatorItemView.swift in Sources */ = {isa = PBXBuildFile; fileRef = 92F585822270FFD70014477B /* SimulatorItemView.swift */; };
		92F585862273651B0014477B /* SimulatorResultHeaderCell.swift in Sources */ = {isa = PBXBuildFile; fileRef = 92F585852273651B0014477B /* SimulatorResultHeaderCell.swift */; };
		92F5859A22736ADA0014477B /* SimulatorResultHeaderViewSpec.swift in Sources */ = {isa = PBXBuildFile; fileRef = 92F5859922736ADA0014477B /* SimulatorResultHeaderViewSpec.swift */; };
/* End PBXBuildFile section */

/* Begin PBXContainerItemProxy section */
		92F5859022736A880014477B /* PBXContainerItemProxy */ = {
			isa = PBXContainerItemProxy;
			containerPortal = 1202E51B226F99BE006664BE /* Project object */;
			proxyType = 1;
			remoteGlobalIDString = 1202E522226F99BE006664BE;
			remoteInfo = "easynvest-ios-test";
		};
/* End PBXContainerItemProxy section */

/* Begin PBXFileReference section */
		1202E523226F99BE006664BE /* easynvest-ios-test.app */ = {isa = PBXFileReference; explicitFileType = wrapper.application; includeInIndex = 0; path = "easynvest-ios-test.app"; sourceTree = BUILT_PRODUCTS_DIR; };
		1202E526226F99BE006664BE /* AppDelegate.swift */ = {isa = PBXFileReference; lastKnownFileType = sourcecode.swift; path = AppDelegate.swift; sourceTree = "<group>"; };
		1202E52D226F99BF006664BE /* Assets.xcassets */ = {isa = PBXFileReference; lastKnownFileType = folder.assetcatalog; path = Assets.xcassets; sourceTree = "<group>"; };
		1202E530226F99BF006664BE /* Base */ = {isa = PBXFileReference; lastKnownFileType = file.storyboard; name = Base; path = Base.lproj/LaunchScreen.storyboard; sourceTree = "<group>"; };
		1202E532226F99BF006664BE /* Info.plist */ = {isa = PBXFileReference; lastKnownFileType = text.plist.xml; path = Info.plist; sourceTree = "<group>"; };
		1202E53E226FAFC9006664BE /* AppCoordinator.swift */ = {isa = PBXFileReference; lastKnownFileType = sourcecode.swift; path = AppCoordinator.swift; sourceTree = "<group>"; };
		1202E540226FAFF2006664BE /* Coordinator.swift */ = {isa = PBXFileReference; lastKnownFileType = sourcecode.swift; path = Coordinator.swift; sourceTree = "<group>"; };
		1202E542226FB080006664BE /* SimulatorViewController.swift */ = {isa = PBXFileReference; lastKnownFileType = sourcecode.swift; path = SimulatorViewController.swift; sourceTree = "<group>"; };
		1202E544226FB094006664BE /* SimulatorResultViewController.swift */ = {isa = PBXFileReference; lastKnownFileType = sourcecode.swift; path = SimulatorResultViewController.swift; sourceTree = "<group>"; };
		1202E549226FB696006664BE /* SimulatorViewScreen.swift */ = {isa = PBXFileReference; lastKnownFileType = sourcecode.swift; path = SimulatorViewScreen.swift; sourceTree = "<group>"; };
		1202E54B226FB709006664BE /* SimulatorResultViewScreen.swift */ = {isa = PBXFileReference; lastKnownFileType = sourcecode.swift; path = SimulatorResultViewScreen.swift; sourceTree = "<group>"; };
		1202E54E226FB7B5006664BE /* Alamofire.framework */ = {isa = PBXFileReference; lastKnownFileType = wrapper.framework; name = Alamofire.framework; path = Carthage/Build/iOS/Alamofire.framework; sourceTree = "<group>"; };
		1202E54F226FB7B5006664BE /* SnapKit.framework */ = {isa = PBXFileReference; lastKnownFileType = wrapper.framework; name = SnapKit.framework; path = Carthage/Build/iOS/SnapKit.framework; sourceTree = "<group>"; };
		1202E554226FB815006664BE /* ViewCoding.swift */ = {isa = PBXFileReference; lastKnownFileType = sourcecode.swift; path = ViewCoding.swift; sourceTree = "<group>"; };
		1202E557226FBC5A006664BE /* SimulatorInputView.swift */ = {isa = PBXFileReference; lastKnownFileType = sourcecode.swift; path = SimulatorInputView.swift; sourceTree = "<group>"; };
		1202E559226FC08F006664BE /* SimulatorCoordinator.swift */ = {isa = PBXFileReference; lastKnownFileType = sourcecode.swift; path = SimulatorCoordinator.swift; sourceTree = "<group>"; };
		1202E55C226FDB4A006664BE /* PrettyButton.swift */ = {isa = PBXFileReference; lastKnownFileType = sourcecode.swift; path = PrettyButton.swift; sourceTree = "<group>"; };
		1202E560226FEFF3006664BE /* KeyboardListener.swift */ = {isa = PBXFileReference; lastKnownFileType = sourcecode.swift; path = KeyboardListener.swift; sourceTree = "<group>"; };
		1202E563226FF098006664BE /* Notification+keyboard.swift */ = {isa = PBXFileReference; lastKnownFileType = sourcecode.swift; path = "Notification+keyboard.swift"; sourceTree = "<group>"; };
		120755EC2274BF9F0087970C /* BaseURL.swift */ = {isa = PBXFileReference; lastKnownFileType = sourcecode.swift; path = BaseURL.swift; sourceTree = "<group>"; };
		121249D922752ACF0066807B /* SimulatorOthersInfoCell.swift */ = {isa = PBXFileReference; lastKnownFileType = sourcecode.swift; path = SimulatorOthersInfoCell.swift; sourceTree = "<group>"; };
		121A8C7F2274E7840002BFF3 /* SimulationResponse.swift */ = {isa = PBXFileReference; lastKnownFileType = sourcecode.swift; path = SimulationResponse.swift; sourceTree = "<group>"; };
		121A8C812274E81A0002BFF3 /* APIRoute.swift */ = {isa = PBXFileReference; lastKnownFileType = sourcecode.swift; path = APIRoute.swift; sourceTree = "<group>"; };
		121A8C8522751E860002BFF3 /* SimulatorMainInfoCell.swift */ = {isa = PBXFileReference; lastKnownFileType = sourcecode.swift; path = SimulatorMainInfoCell.swift; sourceTree = "<group>"; };
		922A8EE52270EBE60074F248 /* KeyboardListenerDelegate.swift */ = {isa = PBXFileReference; lastKnownFileType = sourcecode.swift; path = KeyboardListenerDelegate.swift; sourceTree = "<group>"; };
		922A8EE72270EC0E0074F248 /* SimulatorViewControllerDelegate.swift */ = {isa = PBXFileReference; lastKnownFileType = sourcecode.swift; path = SimulatorViewControllerDelegate.swift; sourceTree = "<group>"; };
		928248F4227376FA00134BCB /* SimulatorItemViewSpec.swift */ = {isa = PBXFileReference; lastKnownFileType = sourcecode.swift; path = SimulatorItemViewSpec.swift; sourceTree = "<group>"; };
		928248F82273B17600134BCB /* Result.swift */ = {isa = PBXFileReference; lastKnownFileType = sourcecode.swift; path = Result.swift; sourceTree = "<group>"; };
		928249062273B71500134BCB /* SimulateService.swift */ = {isa = PBXFileReference; lastKnownFileType = sourcecode.swift; path = SimulateService.swift; sourceTree = "<group>"; };
		92F585742270EE2C0014477B /* SimulatorInputType.swift */ = {isa = PBXFileReference; fileEncoding = 4; lastKnownFileType = sourcecode.swift; path = SimulatorInputType.swift; sourceTree = "<group>"; };
		92F585762270F0780014477B /* Simulation.swift */ = {isa = PBXFileReference; lastKnownFileType = sourcecode.swift; path = Simulation.swift; sourceTree = "<group>"; };
		92F585802270FF6B0014477B /* SimulatorResultViewModel.swift */ = {isa = PBXFileReference; lastKnownFileType = sourcecode.swift; path = SimulatorResultViewModel.swift; sourceTree = "<group>"; };
		92F585822270FFD70014477B /* SimulatorItemView.swift */ = {isa = PBXFileReference; lastKnownFileType = sourcecode.swift; path = SimulatorItemView.swift; sourceTree = "<group>"; };
		92F585852273651B0014477B /* SimulatorResultHeaderCell.swift */ = {isa = PBXFileReference; lastKnownFileType = sourcecode.swift; path = SimulatorResultHeaderCell.swift; sourceTree = "<group>"; };
		92F5858B22736A870014477B /* easynvest-ios-testTests.xctest */ = {isa = PBXFileReference; explicitFileType = wrapper.cfbundle; includeInIndex = 0; path = "easynvest-ios-testTests.xctest"; sourceTree = BUILT_PRODUCTS_DIR; };
		92F5858F22736A880014477B /* Info.plist */ = {isa = PBXFileReference; lastKnownFileType = text.plist.xml; path = Info.plist; sourceTree = "<group>"; };
		92F5859922736ADA0014477B /* SimulatorResultHeaderViewSpec.swift */ = {isa = PBXFileReference; lastKnownFileType = sourcecode.swift; path = SimulatorResultHeaderViewSpec.swift; sourceTree = "<group>"; };
		92F5859B22736BCA0014477B /* Quick.framework */ = {isa = PBXFileReference; lastKnownFileType = wrapper.framework; name = Quick.framework; path = Carthage/Build/iOS/Quick.framework; sourceTree = "<group>"; };
		92F5859C22736BCA0014477B /* FBSnapshotTestCase.framework */ = {isa = PBXFileReference; lastKnownFileType = wrapper.framework; name = FBSnapshotTestCase.framework; path = Carthage/Build/iOS/FBSnapshotTestCase.framework; sourceTree = "<group>"; };
		92F5859D22736BCA0014477B /* Nimble_Snapshots.framework */ = {isa = PBXFileReference; lastKnownFileType = wrapper.framework; name = Nimble_Snapshots.framework; path = Carthage/Build/iOS/Nimble_Snapshots.framework; sourceTree = "<group>"; };
		92F5859E22736BCA0014477B /* Nimble.framework */ = {isa = PBXFileReference; lastKnownFileType = wrapper.framework; name = Nimble.framework; path = Carthage/Build/iOS/Nimble.framework; sourceTree = "<group>"; };
/* End PBXFileReference section */

/* Begin PBXFrameworksBuildPhase section */
		1202E520226F99BE006664BE /* Frameworks */ = {
			isa = PBXFrameworksBuildPhase;
			buildActionMask = 2147483647;
			files = (
				1202E551226FB7B5006664BE /* SnapKit.framework in Frameworks */,
				1202E550226FB7B5006664BE /* Alamofire.framework in Frameworks */,
			);
			runOnlyForDeploymentPostprocessing = 0;
		};
		92F5858822736A870014477B /* Frameworks */ = {
			isa = PBXFrameworksBuildPhase;
			buildActionMask = 2147483647;
			files = (
				928248F022736DE500134BCB /* FBSnapshotTestCase.framework in Frameworks */,
				928248F122736DE500134BCB /* Nimble_Snapshots.framework in Frameworks */,
				928248F222736DE500134BCB /* Nimble.framework in Frameworks */,
				928248F322736DE500134BCB /* Quick.framework in Frameworks */,
			);
			runOnlyForDeploymentPostprocessing = 0;
		};
/* End PBXFrameworksBuildPhase section */

/* Begin PBXGroup section */
		1202E51A226F99BE006664BE = {
			isa = PBXGroup;
			children = (
				1202E525226F99BE006664BE /* easynvest-ios-test */,
				92F5858C22736A880014477B /* easynvest-ios-testTests */,
				1202E524226F99BE006664BE /* Products */,
				1202E54D226FB7B5006664BE /* Frameworks */,
			);
			sourceTree = "<group>";
		};
		1202E524226F99BE006664BE /* Products */ = {
			isa = PBXGroup;
			children = (
				1202E523226F99BE006664BE /* easynvest-ios-test.app */,
				92F5858B22736A870014477B /* easynvest-ios-testTests.xctest */,
			);
			name = Products;
			sourceTree = "<group>";
		};
		1202E525226F99BE006664BE /* easynvest-ios-test */ = {
			isa = PBXGroup;
			children = (
				1202E53A226FAB89006664BE /* Features */,
				120755EB2274BF820087970C /* Network */,
				1202E53B226FABAA006664BE /* Resources */,
				1202E538226FAB68006664BE /* Setup */,
				1202E552226FB7D8006664BE /* Shared */,
			);
			path = "easynvest-ios-test";
			sourceTree = "<group>";
		};
		1202E538226FAB68006664BE /* Setup */ = {
			isa = PBXGroup;
			children = (
				1202E532226F99BF006664BE /* Info.plist */,
				1202E526226F99BE006664BE /* AppDelegate.swift */,
				1202E53C226FADD3006664BE /* Flow */,
			);
			path = Setup;
			sourceTree = "<group>";
		};
		1202E53A226FAB89006664BE /* Features */ = {
			isa = PBXGroup;
			children = (
				1202E53D226FAE35006664BE /* Simulator */,
			);
			path = Features;
			sourceTree = "<group>";
		};
		1202E53B226FABAA006664BE /* Resources */ = {
			isa = PBXGroup;
			children = (
				1202E52D226F99BF006664BE /* Assets.xcassets */,
				1202E52F226F99BF006664BE /* LaunchScreen.storyboard */,
			);
			path = Resources;
			sourceTree = "<group>";
		};
		1202E53C226FADD3006664BE /* Flow */ = {
			isa = PBXGroup;
			children = (
				1202E53E226FAFC9006664BE /* AppCoordinator.swift */,
				1202E540226FAFF2006664BE /* Coordinator.swift */,
			);
			path = Flow;
			sourceTree = "<group>";
		};
		1202E53D226FAE35006664BE /* Simulator */ = {
			isa = PBXGroup;
			children = (
				928249052273B70300134BCB /* Service */,
				1202E546226FB09D006664BE /* Controller */,
				1202E548226FB0B0006664BE /* Model */,
				1202E547226FB0AB006664BE /* View */,
				92F5857F2270FF580014477B /* ViewModel */,
			);
			path = Simulator;
			sourceTree = "<group>";
		};
		1202E546226FB09D006664BE /* Controller */ = {
			isa = PBXGroup;
			children = (
				1202E544226FB094006664BE /* SimulatorResultViewController.swift */,
				1202E542226FB080006664BE /* SimulatorViewController.swift */,
				922A8EE72270EC0E0074F248 /* SimulatorViewControllerDelegate.swift */,
			);
			path = Controller;
			sourceTree = "<group>";
		};
		1202E547226FB0AB006664BE /* View */ = {
			isa = PBXGroup;
			children = (
				1202E557226FBC5A006664BE /* SimulatorInputView.swift */,
				92F585822270FFD70014477B /* SimulatorItemView.swift */,
				1202E54B226FB709006664BE /* SimulatorResultViewScreen.swift */,
				1202E549226FB696006664BE /* SimulatorViewScreen.swift */,
				92F58584227364F70014477B /* Cell */,
			);
			path = View;
			sourceTree = "<group>";
		};
		1202E548226FB0B0006664BE /* Model */ = {
			isa = PBXGroup;
			children = (
				92F585762270F0780014477B /* Simulation.swift */,
				121A8C7F2274E7840002BFF3 /* SimulationResponse.swift */,
				1202E559226FC08F006664BE /* SimulatorCoordinator.swift */,
				92F585742270EE2C0014477B /* SimulatorInputType.swift */,
			);
			path = Model;
			sourceTree = "<group>";
		};
		1202E54D226FB7B5006664BE /* Frameworks */ = {
			isa = PBXGroup;
			children = (
				92F5859C22736BCA0014477B /* FBSnapshotTestCase.framework */,
				92F5859D22736BCA0014477B /* Nimble_Snapshots.framework */,
				92F5859E22736BCA0014477B /* Nimble.framework */,
				92F5859B22736BCA0014477B /* Quick.framework */,
				1202E54E226FB7B5006664BE /* Alamofire.framework */,
				1202E54F226FB7B5006664BE /* SnapKit.framework */,
			);
			name = Frameworks;
			sourceTree = "<group>";
		};
		1202E552226FB7D8006664BE /* Shared */ = {
			isa = PBXGroup;
			children = (
				1202E553226FB7F8006664BE /* Classes */,
				1202E562226FF082006664BE /* Extensions */,
				1202E55B226FDB24006664BE /* Views */,
			);
			path = Shared;
			sourceTree = "<group>";
		};
		1202E553226FB7F8006664BE /* Classes */ = {
			isa = PBXGroup;
			children = (
				1202E554226FB815006664BE /* ViewCoding.swift */,
				1202E560226FEFF3006664BE /* KeyboardListener.swift */,
				922A8EE52270EBE60074F248 /* KeyboardListenerDelegate.swift */,
				928248F82273B17600134BCB /* Result.swift */,
			);
			path = Classes;
			sourceTree = "<group>";
		};
		1202E55B226FDB24006664BE /* Views */ = {
			isa = PBXGroup;
			children = (
				1202E55C226FDB4A006664BE /* PrettyButton.swift */,
			);
			path = Views;
			sourceTree = "<group>";
		};
		1202E562226FF082006664BE /* Extensions */ = {
			isa = PBXGroup;
			children = (
				1202E563226FF098006664BE /* Notification+keyboard.swift */,
			);
			path = Extensions;
			sourceTree = "<group>";
		};
		120755EB2274BF820087970C /* Network */ = {
			isa = PBXGroup;
			children = (
				120755EC2274BF9F0087970C /* BaseURL.swift */,
				121A8C812274E81A0002BFF3 /* APIRoute.swift */,
			);
			path = Network;
			sourceTree = "<group>";
		};
		928249052273B70300134BCB /* Service */ = {
			isa = PBXGroup;
			children = (
				928249062273B71500134BCB /* SimulateService.swift */,
			);
			path = Service;
			sourceTree = "<group>";
		};
		92F5857F2270FF580014477B /* ViewModel */ = {
			isa = PBXGroup;
			children = (
				92F585802270FF6B0014477B /* SimulatorResultViewModel.swift */,
			);
			path = ViewModel;
			sourceTree = "<group>";
		};
		92F58584227364F70014477B /* Cell */ = {
			isa = PBXGroup;
			children = (
				121A8C8522751E860002BFF3 /* SimulatorMainInfoCell.swift */,
				121249D922752ACF0066807B /* SimulatorOthersInfoCell.swift */,
				92F585852273651B0014477B /* SimulatorResultHeaderCell.swift */,
			);
			path = Cell;
			sourceTree = "<group>";
		};
		92F5858C22736A880014477B /* easynvest-ios-testTests */ = {
			isa = PBXGroup;
			children = (
				92F5859522736A990014477B /* Features */,
				92F5858F22736A880014477B /* Info.plist */,
			);
			path = "easynvest-ios-testTests";
			sourceTree = "<group>";
		};
		92F5859522736A990014477B /* Features */ = {
			isa = PBXGroup;
			children = (
				92F5859622736AA30014477B /* Simulator */,
			);
			path = Features;
			sourceTree = "<group>";
		};
		92F5859622736AA30014477B /* Simulator */ = {
			isa = PBXGroup;
			children = (
				92F5859722736AAA0014477B /* View */,
			);
			path = Simulator;
			sourceTree = "<group>";
		};
		92F5859722736AAA0014477B /* View */ = {
			isa = PBXGroup;
			children = (
				92F5859822736AB00014477B /* Cell */,
				928248F4227376FA00134BCB /* SimulatorItemViewSpec.swift */,
			);
			path = View;
			sourceTree = "<group>";
		};
		92F5859822736AB00014477B /* Cell */ = {
			isa = PBXGroup;
			children = (
				92F5859922736ADA0014477B /* SimulatorResultHeaderViewSpec.swift */,
			);
			path = Cell;
			sourceTree = "<group>";
		};
/* End PBXGroup section */

/* Begin PBXNativeTarget section */
		1202E522226F99BE006664BE /* easynvest-ios-test */ = {
			isa = PBXNativeTarget;
			buildConfigurationList = 1202E535226F99BF006664BE /* Build configuration list for PBXNativeTarget "easynvest-ios-test" */;
			buildPhases = (
				1202E51F226F99BE006664BE /* Sources */,
				1202E520226F99BE006664BE /* Frameworks */,
				1202E521226F99BE006664BE /* Resources */,
				1202E556226FB923006664BE /* Carthage */,
				922A8EE42270E4A30074F248 /* SwiftLint */,
			);
			buildRules = (
			);
			dependencies = (
			);
			name = "easynvest-ios-test";
			productName = "easynvest-ios-test";
			productReference = 1202E523226F99BE006664BE /* easynvest-ios-test.app */;
			productType = "com.apple.product-type.application";
		};
		92F5858A22736A870014477B /* easynvest-ios-testTests */ = {
			isa = PBXNativeTarget;
			buildConfigurationList = 92F5859222736A880014477B /* Build configuration list for PBXNativeTarget "easynvest-ios-testTests" */;
			buildPhases = (
				92F5858722736A870014477B /* Sources */,
				92F5858822736A870014477B /* Frameworks */,
				92F5858922736A870014477B /* Resources */,
				928248EF22736D1B00134BCB /* Carthage */,
			);
			buildRules = (
			);
			dependencies = (
				92F5859122736A880014477B /* PBXTargetDependency */,
			);
			name = "easynvest-ios-testTests";
			productName = "easynvest-ios-testTests";
			productReference = 92F5858B22736A870014477B /* easynvest-ios-testTests.xctest */;
			productType = "com.apple.product-type.bundle.unit-test";
		};
/* End PBXNativeTarget section */

/* Begin PBXProject section */
		1202E51B226F99BE006664BE /* Project object */ = {
			isa = PBXProject;
			attributes = {
				LastSwiftUpdateCheck = 1010;
				LastUpgradeCheck = 1020;
				ORGANIZATIONNAME = anonymous;
				TargetAttributes = {
					1202E522226F99BE006664BE = {
						CreatedOnToolsVersion = 10.2.1;
						LastSwiftMigration = 1020;
					};
					92F5858A22736A870014477B = {
						CreatedOnToolsVersion = 10.1;
						LastSwiftMigration = 1020;
						TestTargetID = 1202E522226F99BE006664BE;
					};
				};
			};
			buildConfigurationList = 1202E51E226F99BE006664BE /* Build configuration list for PBXProject "easynvest-ios-test" */;
			compatibilityVersion = "Xcode 9.3";
			developmentRegion = en;
			hasScannedForEncodings = 0;
			knownRegions = (
				en,
				Base,
			);
			mainGroup = 1202E51A226F99BE006664BE;
			productRefGroup = 1202E524226F99BE006664BE /* Products */;
			projectDirPath = "";
			projectRoot = "";
			targets = (
				1202E522226F99BE006664BE /* easynvest-ios-test */,
				92F5858A22736A870014477B /* easynvest-ios-testTests */,
			);
		};
/* End PBXProject section */

/* Begin PBXResourcesBuildPhase section */
		1202E521226F99BE006664BE /* Resources */ = {
			isa = PBXResourcesBuildPhase;
			buildActionMask = 2147483647;
			files = (
				1202E531226F99BF006664BE /* LaunchScreen.storyboard in Resources */,
				1202E52E226F99BF006664BE /* Assets.xcassets in Resources */,
			);
			runOnlyForDeploymentPostprocessing = 0;
		};
		92F5858922736A870014477B /* Resources */ = {
			isa = PBXResourcesBuildPhase;
			buildActionMask = 2147483647;
			files = (
			);
			runOnlyForDeploymentPostprocessing = 0;
		};
/* End PBXResourcesBuildPhase section */

/* Begin PBXShellScriptBuildPhase section */
		1202E556226FB923006664BE /* Carthage */ = {
			isa = PBXShellScriptBuildPhase;
			buildActionMask = 2147483647;
			files = (
			);
			inputFileListPaths = (
			);
			inputPaths = (
				"$(SRCROOT)/Carthage/Build/iOS/Alamofire.framework",
				"$(SRCROOT)/Carthage/Build/iOS/SnapKit.framework",
			);
			name = Carthage;
			outputFileListPaths = (
			);
			outputPaths = (
			);
			runOnlyForDeploymentPostprocessing = 0;
			shellPath = /bin/sh;
			shellScript = "/usr/local/bin/carthage copy-frameworks\n";
		};
		922A8EE42270E4A30074F248 /* SwiftLint */ = {
			isa = PBXShellScriptBuildPhase;
			buildActionMask = 2147483647;
			files = (
			);
			inputFileListPaths = (
			);
			inputPaths = (
			);
			name = SwiftLint;
			outputFileListPaths = (
			);
			outputPaths = (
			);
			runOnlyForDeploymentPostprocessing = 0;
			shellPath = /bin/sh;
			shellScript = "if which swiftlint >/dev/null; then\nswiftlint\nelse\necho \"warning: SwiftLint not installed, download from https://github.com/realm/SwiftLint\"\nfi\n";
		};
		928248EF22736D1B00134BCB /* Carthage */ = {
			isa = PBXShellScriptBuildPhase;
			buildActionMask = 2147483647;
			files = (
			);
			inputFileListPaths = (
			);
			inputPaths = (
				"$(SRCROOT)/Carthage/Build/iOS/Quick.framework",
				"$(SRCROOT)/Carthage/Build/iOS/Nimble.framework",
				"$(SRCROOT)/Carthage/Build/iOS/Nimble_Snapshots.framework",
				"$(SRCROOT)/Carthage/Build/iOS/FBSnapshotTestCase.framework",
			);
			name = Carthage;
			outputFileListPaths = (
			);
			outputPaths = (
			);
			runOnlyForDeploymentPostprocessing = 0;
			shellPath = /bin/sh;
			shellScript = "/usr/local/bin/carthage copy-frameworks\n";
		};
/* End PBXShellScriptBuildPhase section */

/* Begin PBXSourcesBuildPhase section */
		1202E51F226F99BE006664BE /* Sources */ = {
			isa = PBXSourcesBuildPhase;
			buildActionMask = 2147483647;
			files = (
				121249DA22752ACF0066807B /* SimulatorOthersInfoCell.swift in Sources */,
				1202E54C226FB709006664BE /* SimulatorResultViewScreen.swift in Sources */,
				1202E561226FEFF3006664BE /* KeyboardListener.swift in Sources */,
				1202E558226FBC5A006664BE /* SimulatorInputView.swift in Sources */,
				92F585772270F0780014477B /* Simulation.swift in Sources */,
				1202E55D226FDB4A006664BE /* PrettyButton.swift in Sources */,
				1202E545226FB094006664BE /* SimulatorResultViewController.swift in Sources */,
				92F585752270EE2C0014477B /* SimulatorInputType.swift in Sources */,
				121A8C802274E7840002BFF3 /* SimulationResponse.swift in Sources */,
				1202E555226FB815006664BE /* ViewCoding.swift in Sources */,
				121A8C822274E81A0002BFF3 /* APIRoute.swift in Sources */,
				92F585812270FF6B0014477B /* SimulatorResultViewModel.swift in Sources */,
				928248F92273B17600134BCB /* Result.swift in Sources */,
				928249072273B71500134BCB /* SimulateService.swift in Sources */,
				1202E53F226FAFC9006664BE /* AppCoordinator.swift in Sources */,
				1202E527226F99BE006664BE /* AppDelegate.swift in Sources */,
				1202E54A226FB696006664BE /* SimulatorViewScreen.swift in Sources */,
				92F585862273651B0014477B /* SimulatorResultHeaderCell.swift in Sources */,
				922A8EE82270EC0E0074F248 /* SimulatorViewControllerDelegate.swift in Sources */,
				1202E541226FAFF2006664BE /* Coordinator.swift in Sources */,
				1202E564226FF098006664BE /* Notification+keyboard.swift in Sources */,
				922A8EE62270EBE60074F248 /* KeyboardListenerDelegate.swift in Sources */,
				92F585832270FFD70014477B /* SimulatorItemView.swift in Sources */,
				1202E543226FB080006664BE /* SimulatorViewController.swift in Sources */,
				120755ED2274BF9F0087970C /* BaseURL.swift in Sources */,
				1202E55A226FC08F006664BE /* SimulatorCoordinator.swift in Sources */,
				121A8C8622751E860002BFF3 /* SimulatorMainInfoCell.swift in Sources */,
			);
			runOnlyForDeploymentPostprocessing = 0;
		};
		92F5858722736A870014477B /* Sources */ = {
			isa = PBXSourcesBuildPhase;
			buildActionMask = 2147483647;
			files = (
				928248F5227376FA00134BCB /* SimulatorItemViewSpec.swift in Sources */,
				92F5859A22736ADA0014477B /* SimulatorResultHeaderViewSpec.swift in Sources */,
			);
			runOnlyForDeploymentPostprocessing = 0;
		};
/* End PBXSourcesBuildPhase section */

/* Begin PBXTargetDependency section */
		92F5859122736A880014477B /* PBXTargetDependency */ = {
			isa = PBXTargetDependency;
			target = 1202E522226F99BE006664BE /* easynvest-ios-test */;
			targetProxy = 92F5859022736A880014477B /* PBXContainerItemProxy */;
		};
/* End PBXTargetDependency section */

/* Begin PBXVariantGroup section */
		1202E52F226F99BF006664BE /* LaunchScreen.storyboard */ = {
			isa = PBXVariantGroup;
			children = (
				1202E530226F99BF006664BE /* Base */,
			);
			name = LaunchScreen.storyboard;
			sourceTree = "<group>";
		};
/* End PBXVariantGroup section */

/* Begin XCBuildConfiguration section */
		1202E533226F99BF006664BE /* Debug */ = {
			isa = XCBuildConfiguration;
			buildSettings = {
				ALWAYS_SEARCH_USER_PATHS = NO;
				CLANG_ANALYZER_NONNULL = YES;
				CLANG_ANALYZER_NUMBER_OBJECT_CONVERSION = YES_AGGRESSIVE;
				CLANG_CXX_LANGUAGE_STANDARD = "gnu++14";
				CLANG_CXX_LIBRARY = "libc++";
				CLANG_ENABLE_MODULES = YES;
				CLANG_ENABLE_OBJC_ARC = YES;
				CLANG_ENABLE_OBJC_WEAK = YES;
				CLANG_WARN_BLOCK_CAPTURE_AUTORELEASING = YES;
				CLANG_WARN_BOOL_CONVERSION = YES;
				CLANG_WARN_COMMA = YES;
				CLANG_WARN_CONSTANT_CONVERSION = YES;
				CLANG_WARN_DEPRECATED_OBJC_IMPLEMENTATIONS = YES;
				CLANG_WARN_DIRECT_OBJC_ISA_USAGE = YES_ERROR;
				CLANG_WARN_DOCUMENTATION_COMMENTS = YES;
				CLANG_WARN_EMPTY_BODY = YES;
				CLANG_WARN_ENUM_CONVERSION = YES;
				CLANG_WARN_INFINITE_RECURSION = YES;
				CLANG_WARN_INT_CONVERSION = YES;
				CLANG_WARN_NON_LITERAL_NULL_CONVERSION = YES;
				CLANG_WARN_OBJC_IMPLICIT_RETAIN_SELF = YES;
				CLANG_WARN_OBJC_LITERAL_CONVERSION = YES;
				CLANG_WARN_OBJC_ROOT_CLASS = YES_ERROR;
				CLANG_WARN_RANGE_LOOP_ANALYSIS = YES;
				CLANG_WARN_STRICT_PROTOTYPES = YES;
				CLANG_WARN_SUSPICIOUS_MOVE = YES;
				CLANG_WARN_UNGUARDED_AVAILABILITY = YES_AGGRESSIVE;
				CLANG_WARN_UNREACHABLE_CODE = YES;
				CLANG_WARN__DUPLICATE_METHOD_MATCH = YES;
				CODE_SIGN_IDENTITY = "iPhone Developer";
				COPY_PHASE_STRIP = NO;
				DEBUG_INFORMATION_FORMAT = dwarf;
				ENABLE_STRICT_OBJC_MSGSEND = YES;
				ENABLE_TESTABILITY = YES;
				GCC_C_LANGUAGE_STANDARD = gnu11;
				GCC_DYNAMIC_NO_PIC = NO;
				GCC_NO_COMMON_BLOCKS = YES;
				GCC_OPTIMIZATION_LEVEL = 0;
				GCC_PREPROCESSOR_DEFINITIONS = (
					"DEBUG=1",
					"$(inherited)",
				);
				GCC_WARN_64_TO_32_BIT_CONVERSION = YES;
				GCC_WARN_ABOUT_RETURN_TYPE = YES_ERROR;
				GCC_WARN_UNDECLARED_SELECTOR = YES;
				GCC_WARN_UNINITIALIZED_AUTOS = YES_AGGRESSIVE;
				GCC_WARN_UNUSED_FUNCTION = YES;
				GCC_WARN_UNUSED_VARIABLE = YES;
				IPHONEOS_DEPLOYMENT_TARGET = 11;
				MTL_ENABLE_DEBUG_INFO = INCLUDE_SOURCE;
				MTL_FAST_MATH = YES;
				ONLY_ACTIVE_ARCH = YES;
				SDKROOT = iphoneos;
				SWIFT_ACTIVE_COMPILATION_CONDITIONS = DEBUG;
				SWIFT_OPTIMIZATION_LEVEL = "-Onone";
			};
			name = Debug;
		};
		1202E534226F99BF006664BE /* Release */ = {
			isa = XCBuildConfiguration;
			buildSettings = {
				ALWAYS_SEARCH_USER_PATHS = NO;
				CLANG_ANALYZER_NONNULL = YES;
				CLANG_ANALYZER_NUMBER_OBJECT_CONVERSION = YES_AGGRESSIVE;
				CLANG_CXX_LANGUAGE_STANDARD = "gnu++14";
				CLANG_CXX_LIBRARY = "libc++";
				CLANG_ENABLE_MODULES = YES;
				CLANG_ENABLE_OBJC_ARC = YES;
				CLANG_ENABLE_OBJC_WEAK = YES;
				CLANG_WARN_BLOCK_CAPTURE_AUTORELEASING = YES;
				CLANG_WARN_BOOL_CONVERSION = YES;
				CLANG_WARN_COMMA = YES;
				CLANG_WARN_CONSTANT_CONVERSION = YES;
				CLANG_WARN_DEPRECATED_OBJC_IMPLEMENTATIONS = YES;
				CLANG_WARN_DIRECT_OBJC_ISA_USAGE = YES_ERROR;
				CLANG_WARN_DOCUMENTATION_COMMENTS = YES;
				CLANG_WARN_EMPTY_BODY = YES;
				CLANG_WARN_ENUM_CONVERSION = YES;
				CLANG_WARN_INFINITE_RECURSION = YES;
				CLANG_WARN_INT_CONVERSION = YES;
				CLANG_WARN_NON_LITERAL_NULL_CONVERSION = YES;
				CLANG_WARN_OBJC_IMPLICIT_RETAIN_SELF = YES;
				CLANG_WARN_OBJC_LITERAL_CONVERSION = YES;
				CLANG_WARN_OBJC_ROOT_CLASS = YES_ERROR;
				CLANG_WARN_RANGE_LOOP_ANALYSIS = YES;
				CLANG_WARN_STRICT_PROTOTYPES = YES;
				CLANG_WARN_SUSPICIOUS_MOVE = YES;
				CLANG_WARN_UNGUARDED_AVAILABILITY = YES_AGGRESSIVE;
				CLANG_WARN_UNREACHABLE_CODE = YES;
				CLANG_WARN__DUPLICATE_METHOD_MATCH = YES;
				CODE_SIGN_IDENTITY = "iPhone Developer";
				COPY_PHASE_STRIP = NO;
				DEBUG_INFORMATION_FORMAT = "dwarf-with-dsym";
				ENABLE_NS_ASSERTIONS = NO;
				ENABLE_STRICT_OBJC_MSGSEND = YES;
				GCC_C_LANGUAGE_STANDARD = gnu11;
				GCC_NO_COMMON_BLOCKS = YES;
				GCC_WARN_64_TO_32_BIT_CONVERSION = YES;
				GCC_WARN_ABOUT_RETURN_TYPE = YES_ERROR;
				GCC_WARN_UNDECLARED_SELECTOR = YES;
				GCC_WARN_UNINITIALIZED_AUTOS = YES_AGGRESSIVE;
				GCC_WARN_UNUSED_FUNCTION = YES;
				GCC_WARN_UNUSED_VARIABLE = YES;
				IPHONEOS_DEPLOYMENT_TARGET = 11;
				MTL_ENABLE_DEBUG_INFO = NO;
				MTL_FAST_MATH = YES;
				SDKROOT = iphoneos;
				SWIFT_COMPILATION_MODE = wholemodule;
				SWIFT_OPTIMIZATION_LEVEL = "-O";
				VALIDATE_PRODUCT = YES;
			};
			name = Release;
		};
		1202E536226F99BF006664BE /* Debug */ = {
			isa = XCBuildConfiguration;
			buildSettings = {
				ASSETCATALOG_COMPILER_APPICON_NAME = AppIcon;
				CODE_SIGN_STYLE = Manual;
				DEVELOPMENT_TEAM = "";
				FRAMEWORK_SEARCH_PATHS = (
					"$(inherited)",
					"$(PROJECT_DIR)/Carthage/Build/iOS",
				);
				INFOPLIST_FILE = "$(SRCROOT)/easynvest-ios-test/Setup/Info.plist";
				LD_RUNPATH_SEARCH_PATHS = (
					"$(inherited)",
					"@executable_path/Frameworks",
				);
				PRODUCT_BUNDLE_IDENTIFIER = "com.anonymous.easynvest-ios-test";
				PRODUCT_NAME = "$(TARGET_NAME)";
				PROVISIONING_PROFILE_SPECIFIER = "";
				SWIFT_VERSION = 5.0;
				TARGETED_DEVICE_FAMILY = "1,2";
			};
			name = Debug;
		};
		1202E537226F99BF006664BE /* Release */ = {
			isa = XCBuildConfiguration;
			buildSettings = {
				ASSETCATALOG_COMPILER_APPICON_NAME = AppIcon;
				CODE_SIGN_STYLE = Manual;
				DEVELOPMENT_TEAM = "";
				FRAMEWORK_SEARCH_PATHS = (
					"$(inherited)",
					"$(PROJECT_DIR)/Carthage/Build/iOS",
				);
				INFOPLIST_FILE = "$(SRCROOT)/easynvest-ios-test/Setup/Info.plist";
				LD_RUNPATH_SEARCH_PATHS = (
					"$(inherited)",
					"@executable_path/Frameworks",
				);
				PRODUCT_BUNDLE_IDENTIFIER = "com.anonymous.easynvest-ios-test";
				PRODUCT_NAME = "$(TARGET_NAME)";
				PROVISIONING_PROFILE_SPECIFIER = "";
				SWIFT_VERSION = 5.0;
				TARGETED_DEVICE_FAMILY = "1,2";
			};
			name = Release;
		};
		92F5859322736A880014477B /* Debug */ = {
			isa = XCBuildConfiguration;
			buildSettings = {
				BUNDLE_LOADER = "$(TEST_HOST)";
				CLANG_ENABLE_MODULES = YES;
				CODE_SIGN_STYLE = Manual;
				DEVELOPMENT_TEAM = "";
				FRAMEWORK_SEARCH_PATHS = (
					"$(inherited)",
					"$(PROJECT_DIR)/Carthage/Build/iOS",
				);
				INFOPLIST_FILE = "easynvest-ios-testTests/Info.plist";
				IPHONEOS_DEPLOYMENT_TARGET = 12.1;
				LD_RUNPATH_SEARCH_PATHS = (
					"$(inherited)",
					"@executable_path/Frameworks",
					"@loader_path/Frameworks",
				);
				PRODUCT_BUNDLE_IDENTIFIER = "com.anonymous.easynvest-ios-testTests";
				PRODUCT_NAME = "$(TARGET_NAME)";
				PROVISIONING_PROFILE_SPECIFIER = "";
				SWIFT_OPTIMIZATION_LEVEL = "-Onone";
				SWIFT_VERSION = 5.0;
				TARGETED_DEVICE_FAMILY = "1,2";
				TEST_HOST = "$(BUILT_PRODUCTS_DIR)/easynvest-ios-test.app/easynvest-ios-test";
			};
			name = Debug;
		};
		92F5859422736A880014477B /* Release */ = {
			isa = XCBuildConfiguration;
			buildSettings = {
				BUNDLE_LOADER = "$(TEST_HOST)";
				CLANG_ENABLE_MODULES = YES;
				CODE_SIGN_STYLE = Manual;
				DEVELOPMENT_TEAM = "";
				FRAMEWORK_SEARCH_PATHS = (
					"$(inherited)",
					"$(PROJECT_DIR)/Carthage/Build/iOS",
				);
				INFOPLIST_FILE = "easynvest-ios-testTests/Info.plist";
				IPHONEOS_DEPLOYMENT_TARGET = 12.1;
				LD_RUNPATH_SEARCH_PATHS = (
					"$(inherited)",
					"@executable_path/Frameworks",
					"@loader_path/Frameworks",
				);
				PRODUCT_BUNDLE_IDENTIFIER = "com.anonymous.easynvest-ios-testTests";
				PRODUCT_NAME = "$(TARGET_NAME)";
				PROVISIONING_PROFILE_SPECIFIER = "";
				SWIFT_VERSION = 5.0;
				TARGETED_DEVICE_FAMILY = "1,2";
				TEST_HOST = "$(BUILT_PRODUCTS_DIR)/easynvest-ios-test.app/easynvest-ios-test";
			};
			name = Release;
		};
/* End XCBuildConfiguration section */

/* Begin XCConfigurationList section */
		1202E51E226F99BE006664BE /* Build configuration list for PBXProject "easynvest-ios-test" */ = {
			isa = XCConfigurationList;
			buildConfigurations = (
				1202E533226F99BF006664BE /* Debug */,
				1202E534226F99BF006664BE /* Release */,
			);
			defaultConfigurationIsVisible = 0;
			defaultConfigurationName = Release;
		};
		1202E535226F99BF006664BE /* Build configuration list for PBXNativeTarget "easynvest-ios-test" */ = {
			isa = XCConfigurationList;
			buildConfigurations = (
				1202E536226F99BF006664BE /* Debug */,
				1202E537226F99BF006664BE /* Release */,
			);
			defaultConfigurationIsVisible = 0;
			defaultConfigurationName = Release;
		};
		92F5859222736A880014477B /* Build configuration list for PBXNativeTarget "easynvest-ios-testTests" */ = {
			isa = XCConfigurationList;
			buildConfigurations = (
				92F5859322736A880014477B /* Debug */,
				92F5859422736A880014477B /* Release */,
			);
			defaultConfigurationIsVisible = 0;
			defaultConfigurationName = Release;
		};
/* End XCConfigurationList section */
	};
	rootObject = 1202E51B226F99BE006664BE /* Project object */;
}
